// !$*UTF8*$!
{
	archiveVersion = 1;
	classes = {
	};
	objectVersion = 56;
	objects = {

/* Begin PBXBuildFile section */
		4F00D4BB2C69540E008DBC8D /* GehnneApp.swift in Sources */ = {isa = PBXBuildFile; fileRef = 4F00D4BA2C69540E008DBC8D /* GehnneApp.swift */; };
		4F00D4BD2C69540E008DBC8D /* ContentView.swift in Sources */ = {isa = PBXBuildFile; fileRef = 4F00D4BC2C69540E008DBC8D /* ContentView.swift */; };
		4F00D4BF2C695410008DBC8D /* Assets.xcassets in Resources */ = {isa = PBXBuildFile; fileRef = 4F00D4BE2C695410008DBC8D /* Assets.xcassets */; };
		4F00D4C22C695410008DBC8D /* Preview Assets.xcassets in Resources */ = {isa = PBXBuildFile; fileRef = 4F00D4C12C695410008DBC8D /* Preview Assets.xcassets */; };
		4F2899F92C70658700A1C75E /* SplashScreen.swift in Sources */ = {isa = PBXBuildFile; fileRef = 4F2899F82C70658700A1C75E /* SplashScreen.swift */; };
		4F37D2172C695B23002101A9 /* HomeTopBar.swift in Sources */ = {isa = PBXBuildFile; fileRef = 4F37D2162C695B23002101A9 /* HomeTopBar.swift */; };
		4F37D2192C695B62002101A9 /* TitleView.swift in Sources */ = {isa = PBXBuildFile; fileRef = 4F37D2182C695B62002101A9 /* TitleView.swift */; };
		4F37D21B2C695BAA002101A9 /* SlideMenu.swift in Sources */ = {isa = PBXBuildFile; fileRef = 4F37D21A2C695BAA002101A9 /* SlideMenu.swift */; };
		4F37D21D2C695BB6002101A9 /* OrderList.swift in Sources */ = {isa = PBXBuildFile; fileRef = 4F37D21C2C695BB6002101A9 /* OrderList.swift */; };
		4F37D2202C695DDB002101A9 /* Viewodel.swift in Sources */ = {isa = PBXBuildFile; fileRef = 4F37D21F2C695DDB002101A9 /* Viewodel.swift */; };
		4F37D2232C695ECF002101A9 /* SideMenu.swift in Sources */ = {isa = PBXBuildFile; fileRef = 4F37D2222C695ECF002101A9 /* SideMenu.swift */; };
		4F7FC4A12C7B9E5600C74AB6 /* ButtonView.swift in Sources */ = {isa = PBXBuildFile; fileRef = 4F7FC4A02C7B9E5600C74AB6 /* ButtonView.swift */; };
		4F7FC4A32C7BA04D00C74AB6 /* TopView.swift in Sources */ = {isa = PBXBuildFile; fileRef = 4F7FC4A22C7BA04D00C74AB6 /* TopView.swift */; };
		4F7FC4A52C7BB73800C74AB6 /* OrView.swift in Sources */ = {isa = PBXBuildFile; fileRef = 4F7FC4A42C7BB73800C74AB6 /* OrView.swift */; };
		4F7FC4A82C7BB86600C74AB6 /* SignUp.swift in Sources */ = {isa = PBXBuildFile; fileRef = 4F7FC4A72C7BB86600C74AB6 /* SignUp.swift */; };
		4F8D731E2C69E04800CD3E7F /* SearchBar.swift in Sources */ = {isa = PBXBuildFile; fileRef = 4F8D731D2C69E04800CD3E7F /* SearchBar.swift */; };
		4F8D73202C69E29600CD3E7F /* ItemView.swift in Sources */ = {isa = PBXBuildFile; fileRef = 4F8D731F2C69E29600CD3E7F /* ItemView.swift */; };
		4FA953012C78E85F009AC18C /* GoogleService-Info.plist in Resources */ = {isa = PBXBuildFile; fileRef = 4FA953002C78E85F009AC18C /* GoogleService-Info.plist */; };
		4FA953042C78E920009AC18C /* FirebaseAnalytics in Frameworks */ = {isa = PBXBuildFile; productRef = 4FA953032C78E920009AC18C /* FirebaseAnalytics */; };
		4FA953062C78E920009AC18C /* FirebaseAnalyticsOnDeviceConversion in Frameworks */ = {isa = PBXBuildFile; productRef = 4FA953052C78E920009AC18C /* FirebaseAnalyticsOnDeviceConversion */; };
		4FA953082C78E920009AC18C /* FirebaseAnalyticsWithoutAdIdSupport in Frameworks */ = {isa = PBXBuildFile; productRef = 4FA953072C78E920009AC18C /* FirebaseAnalyticsWithoutAdIdSupport */; };
		4FA9530A2C78E920009AC18C /* FirebaseAppCheck in Frameworks */ = {isa = PBXBuildFile; productRef = 4FA953092C78E920009AC18C /* FirebaseAppCheck */; };
		4FA9530C2C78E920009AC18C /* FirebaseAppDistribution-Beta in Frameworks */ = {isa = PBXBuildFile; productRef = 4FA9530B2C78E920009AC18C /* FirebaseAppDistribution-Beta */; };
		4FA9530E2C78E920009AC18C /* FirebaseAuth in Frameworks */ = {isa = PBXBuildFile; productRef = 4FA9530D2C78E920009AC18C /* FirebaseAuth */; };
		4FA953102C78E920009AC18C /* FirebaseAuthCombine-Community in Frameworks */ = {isa = PBXBuildFile; productRef = 4FA9530F2C78E920009AC18C /* FirebaseAuthCombine-Community */; };
		4FA953122C78E920009AC18C /* FirebaseCrashlytics in Frameworks */ = {isa = PBXBuildFile; productRef = 4FA953112C78E920009AC18C /* FirebaseCrashlytics */; };
		4FA953142C78E920009AC18C /* FirebaseDatabase in Frameworks */ = {isa = PBXBuildFile; productRef = 4FA953132C78E920009AC18C /* FirebaseDatabase */; };
		4FA953162C78E920009AC18C /* FirebaseDynamicLinks in Frameworks */ = {isa = PBXBuildFile; productRef = 4FA953152C78E920009AC18C /* FirebaseDynamicLinks */; };
		4FA953182C78E920009AC18C /* FirebaseFirestore in Frameworks */ = {isa = PBXBuildFile; productRef = 4FA953172C78E920009AC18C /* FirebaseFirestore */; };
		4FA9531A2C78E920009AC18C /* FirebaseFirestoreCombine-Community in Frameworks */ = {isa = PBXBuildFile; productRef = 4FA953192C78E920009AC18C /* FirebaseFirestoreCombine-Community */; };
		4FA9531C2C78E920009AC18C /* FirebaseFunctions in Frameworks */ = {isa = PBXBuildFile; productRef = 4FA9531B2C78E920009AC18C /* FirebaseFunctions */; };
		4FA9531E2C78E920009AC18C /* FirebaseFunctionsCombine-Community in Frameworks */ = {isa = PBXBuildFile; productRef = 4FA9531D2C78E920009AC18C /* FirebaseFunctionsCombine-Community */; };
		4FA953202C78E920009AC18C /* FirebaseInAppMessaging-Beta in Frameworks */ = {isa = PBXBuildFile; productRef = 4FA9531F2C78E920009AC18C /* FirebaseInAppMessaging-Beta */; };
		4FA953222C78E920009AC18C /* FirebaseInstallations in Frameworks */ = {isa = PBXBuildFile; productRef = 4FA953212C78E920009AC18C /* FirebaseInstallations */; };
		4FA953242C78E920009AC18C /* FirebaseMLModelDownloader in Frameworks */ = {isa = PBXBuildFile; productRef = 4FA953232C78E920009AC18C /* FirebaseMLModelDownloader */; };
		4FA953262C78E920009AC18C /* FirebaseMessaging in Frameworks */ = {isa = PBXBuildFile; productRef = 4FA953252C78E920009AC18C /* FirebaseMessaging */; };
		4FA953282C78E920009AC18C /* FirebasePerformance in Frameworks */ = {isa = PBXBuildFile; productRef = 4FA953272C78E920009AC18C /* FirebasePerformance */; };
		4FA9532A2C78E920009AC18C /* FirebaseRemoteConfig in Frameworks */ = {isa = PBXBuildFile; productRef = 4FA953292C78E920009AC18C /* FirebaseRemoteConfig */; };
		4FA9532C2C78E920009AC18C /* FirebaseStorage in Frameworks */ = {isa = PBXBuildFile; productRef = 4FA9532B2C78E920009AC18C /* FirebaseStorage */; };
		4FA9532E2C78E920009AC18C /* FirebaseStorageCombine-Community in Frameworks */ = {isa = PBXBuildFile; productRef = 4FA9532D2C78E920009AC18C /* FirebaseStorageCombine-Community */; };
		4FA953302C78E920009AC18C /* FirebaseVertexAI-Preview in Frameworks */ = {isa = PBXBuildFile; productRef = 4FA9532F2C78E920009AC18C /* FirebaseVertexAI-Preview */; };
		4FA953332C78EC32009AC18C /* LoginView.swift in Sources */ = {isa = PBXBuildFile; fileRef = 4FA953322C78EC31009AC18C /* LoginView.swift */; };
		4FA953352C78F15F009AC18C /* EmailView.swift in Sources */ = {isa = PBXBuildFile; fileRef = 4FA953342C78F15F009AC18C /* EmailView.swift */; };
		4FA953372C78FD61009AC18C /* PasswordView.swift in Sources */ = {isa = PBXBuildFile; fileRef = 4FA953362C78FD61009AC18C /* PasswordView.swift */; };
/* End PBXBuildFile section */

/* Begin PBXFileReference section */
		4F00D4B72C69540E008DBC8D /* Gehnne.app */ = {isa = PBXFileReference; explicitFileType = wrapper.application; includeInIndex = 0; path = Gehnne.app; sourceTree = BUILT_PRODUCTS_DIR; };
		4F00D4BA2C69540E008DBC8D /* GehnneApp.swift */ = {isa = PBXFileReference; lastKnownFileType = sourcecode.swift; path = GehnneApp.swift; sourceTree = "<group>"; };
		4F00D4BC2C69540E008DBC8D /* ContentView.swift */ = {isa = PBXFileReference; lastKnownFileType = sourcecode.swift; path = ContentView.swift; sourceTree = "<group>"; };
		4F00D4BE2C695410008DBC8D /* Assets.xcassets */ = {isa = PBXFileReference; lastKnownFileType = folder.assetcatalog; path = Assets.xcassets; sourceTree = "<group>"; };
		4F00D4C12C695410008DBC8D /* Preview Assets.xcassets */ = {isa = PBXFileReference; lastKnownFileType = folder.assetcatalog; path = "Preview Assets.xcassets"; sourceTree = "<group>"; };
		4F2899F82C70658700A1C75E /* SplashScreen.swift */ = {isa = PBXFileReference; lastKnownFileType = sourcecode.swift; path = SplashScreen.swift; sourceTree = "<group>"; };
		4F37D2162C695B23002101A9 /* HomeTopBar.swift */ = {isa = PBXFileReference; lastKnownFileType = sourcecode.swift; path = HomeTopBar.swift; sourceTree = "<group>"; };
		4F37D2182C695B62002101A9 /* TitleView.swift */ = {isa = PBXFileReference; lastKnownFileType = sourcecode.swift; path = TitleView.swift; sourceTree = "<group>"; };
		4F37D21A2C695BAA002101A9 /* SlideMenu.swift */ = {isa = PBXFileReference; lastKnownFileType = sourcecode.swift; path = SlideMenu.swift; sourceTree = "<group>"; };
		4F37D21C2C695BB6002101A9 /* OrderList.swift */ = {isa = PBXFileReference; lastKnownFileType = sourcecode.swift; path = OrderList.swift; sourceTree = "<group>"; };
		4F37D21F2C695DDB002101A9 /* Viewodel.swift */ = {isa = PBXFileReference; lastKnownFileType = sourcecode.swift; path = Viewodel.swift; sourceTree = "<group>"; };
		4F37D2222C695ECF002101A9 /* SideMenu.swift */ = {isa = PBXFileReference; lastKnownFileType = sourcecode.swift; path = SideMenu.swift; sourceTree = "<group>"; };
		4F7FC4A02C7B9E5600C74AB6 /* ButtonView.swift */ = {isa = PBXFileReference; lastKnownFileType = sourcecode.swift; path = ButtonView.swift; sourceTree = "<group>"; };
		4F7FC4A22C7BA04D00C74AB6 /* TopView.swift */ = {isa = PBXFileReference; lastKnownFileType = sourcecode.swift; path = TopView.swift; sourceTree = "<group>"; };
		4F7FC4A42C7BB73800C74AB6 /* OrView.swift */ = {isa = PBXFileReference; lastKnownFileType = sourcecode.swift; path = OrView.swift; sourceTree = "<group>"; };
		4F7FC4A72C7BB86600C74AB6 /* SignUp.swift */ = {isa = PBXFileReference; lastKnownFileType = sourcecode.swift; path = SignUp.swift; sourceTree = "<group>"; };
		4F8D731D2C69E04800CD3E7F /* SearchBar.swift */ = {isa = PBXFileReference; lastKnownFileType = sourcecode.swift; path = SearchBar.swift; sourceTree = "<group>"; };
		4F8D731F2C69E29600CD3E7F /* ItemView.swift */ = {isa = PBXFileReference; lastKnownFileType = sourcecode.swift; path = ItemView.swift; sourceTree = "<group>"; };
		4FA953002C78E85F009AC18C /* GoogleService-Info.plist */ = {isa = PBXFileReference; fileEncoding = 4; lastKnownFileType = text.plist.xml; path = "GoogleService-Info.plist"; sourceTree = "<group>"; };
		4FA953322C78EC31009AC18C /* LoginView.swift */ = {isa = PBXFileReference; lastKnownFileType = sourcecode.swift; path = LoginView.swift; sourceTree = "<group>"; };
		4FA953342C78F15F009AC18C /* EmailView.swift */ = {isa = PBXFileReference; lastKnownFileType = sourcecode.swift; path = EmailView.swift; sourceTree = "<group>"; };
		4FA953362C78FD61009AC18C /* PasswordView.swift */ = {isa = PBXFileReference; lastKnownFileType = sourcecode.swift; path = PasswordView.swift; sourceTree = "<group>"; };
/* End PBXFileReference section */

/* Begin PBXFrameworksBuildPhase section */
		4F00D4B42C69540E008DBC8D /* Frameworks */ = {
			isa = PBXFrameworksBuildPhase;
			buildActionMask = 2147483647;
			files = (
				4FA9532E2C78E920009AC18C /* FirebaseStorageCombine-Community in Frameworks */,
				4FA953262C78E920009AC18C /* FirebaseMessaging in Frameworks */,
				4FA953242C78E920009AC18C /* FirebaseMLModelDownloader in Frameworks */,
				4FA9530A2C78E920009AC18C /* FirebaseAppCheck in Frameworks */,
				4FA9530E2C78E920009AC18C /* FirebaseAuth in Frameworks */,
				4FA953042C78E920009AC18C /* FirebaseAnalytics in Frameworks */,
				4FA9530C2C78E920009AC18C /* FirebaseAppDistribution-Beta in Frameworks */,
				4FA953082C78E920009AC18C /* FirebaseAnalyticsWithoutAdIdSupport in Frameworks */,
				4FA953122C78E920009AC18C /* FirebaseCrashlytics in Frameworks */,
				4FA953142C78E920009AC18C /* FirebaseDatabase in Frameworks */,
				4FA9531E2C78E920009AC18C /* FirebaseFunctionsCombine-Community in Frameworks */,
				4FA953102C78E920009AC18C /* FirebaseAuthCombine-Community in Frameworks */,
				4FA9532C2C78E920009AC18C /* FirebaseStorage in Frameworks */,
				4FA953062C78E920009AC18C /* FirebaseAnalyticsOnDeviceConversion in Frameworks */,
				4FA9531C2C78E920009AC18C /* FirebaseFunctions in Frameworks */,
				4FA953222C78E920009AC18C /* FirebaseInstallations in Frameworks */,
				4FA953282C78E920009AC18C /* FirebasePerformance in Frameworks */,
				4FA9531A2C78E920009AC18C /* FirebaseFirestoreCombine-Community in Frameworks */,
				4FA953182C78E920009AC18C /* FirebaseFirestore in Frameworks */,
				4FA953162C78E920009AC18C /* FirebaseDynamicLinks in Frameworks */,
				4FA953202C78E920009AC18C /* FirebaseInAppMessaging-Beta in Frameworks */,
				4FA953302C78E920009AC18C /* FirebaseVertexAI-Preview in Frameworks */,
				4FA9532A2C78E920009AC18C /* FirebaseRemoteConfig in Frameworks */,
			);
			runOnlyForDeploymentPostprocessing = 0;
		};
/* End PBXFrameworksBuildPhase section */

/* Begin PBXGroup section */
		4F00D4AE2C69540E008DBC8D = {
			isa = PBXGroup;
			children = (
				4F00D4B92C69540E008DBC8D /* Gehnne */,
				4F00D4B82C69540E008DBC8D /* Products */,
			);
			sourceTree = "<group>";
		};
		4F00D4B82C69540E008DBC8D /* Products */ = {
			isa = PBXGroup;
			children = (
				4F00D4B72C69540E008DBC8D /* Gehnne.app */,
			);
			name = Products;
			sourceTree = "<group>";
		};
		4F00D4B92C69540E008DBC8D /* Gehnne */ = {
			isa = PBXGroup;
			children = (
				4F00D4BA2C69540E008DBC8D /* GehnneApp.swift */,
				4F2899F82C70658700A1C75E /* SplashScreen.swift */,
				4F7FC49F2C7B9E1E00C74AB6 /* ReusableViews */,
				4F37D21E2C695DA9002101A9 /* ViewModels */,
				4FA953312C78EBD3009AC18C /* Login */,
				4F37D2152C695B0F002101A9 /* TopBar */,
				4F00D4BC2C69540E008DBC8D /* ContentView.swift */,
				4F8D731F2C69E29600CD3E7F /* ItemView.swift */,
				4FA953002C78E85F009AC18C /* GoogleService-Info.plist */,
				4F00D4BE2C695410008DBC8D /* Assets.xcassets */,
				4F00D4C02C695410008DBC8D /* Preview Content */,
				4F8D731D2C69E04800CD3E7F /* SearchBar.swift */,
			);
			path = Gehnne;
			sourceTree = "<group>";
		};
		4F00D4C02C695410008DBC8D /* Preview Content */ = {
			isa = PBXGroup;
			children = (
				4F00D4C12C695410008DBC8D /* Preview Assets.xcassets */,
			);
			path = "Preview Content";
			sourceTree = "<group>";
		};
		4F37D2152C695B0F002101A9 /* TopBar */ = {
			isa = PBXGroup;
			children = (
				4F37D2162C695B23002101A9 /* HomeTopBar.swift */,
				4F37D2182C695B62002101A9 /* TitleView.swift */,
				4F37D21A2C695BAA002101A9 /* SlideMenu.swift */,
				4F37D2212C695E57002101A9 /* SlideMenu */,
				4F37D21C2C695BB6002101A9 /* OrderList.swift */,
			);
			path = TopBar;
			sourceTree = "<group>";
		};
		4F37D21E2C695DA9002101A9 /* ViewModels */ = {
			isa = PBXGroup;
			children = (
				4F37D21F2C695DDB002101A9 /* Viewodel.swift */,
			);
			path = ViewModels;
			sourceTree = "<group>";
		};
		4F37D2212C695E57002101A9 /* SlideMenu */ = {
			isa = PBXGroup;
			children = (
				4F37D2222C695ECF002101A9 /* SideMenu.swift */,
			);
			path = SlideMenu;
			sourceTree = "<group>";
		};
		4F7FC49F2C7B9E1E00C74AB6 /* ReusableViews */ = {
			isa = PBXGroup;
			children = (
				4F7FC4A02C7B9E5600C74AB6 /* ButtonView.swift */,
			);
			path = ReusableViews;
			sourceTree = "<group>";
		};
		4F7FC4A62C7BB85900C74AB6 /* SignUp */ = {
			isa = PBXGroup;
			children = (
				4F7FC4A72C7BB86600C74AB6 /* SignUp.swift */,
			);
			path = SignUp;
			sourceTree = "<group>";
		};
		4FA953312C78EBD3009AC18C /* Login */ = {
			isa = PBXGroup;
			children = (
				4FA953322C78EC31009AC18C /* LoginView.swift */,
				4F7FC4A42C7BB73800C74AB6 /* OrView.swift */,
				4FA953342C78F15F009AC18C /* EmailView.swift */,
				4FA953362C78FD61009AC18C /* PasswordView.swift */,
				4F7FC4A22C7BA04D00C74AB6 /* TopView.swift */,
				4F7FC4A62C7BB85900C74AB6 /* SignUp */,
			);
			path = Login;
			sourceTree = "<group>";
		};
/* End PBXGroup section */

/* Begin PBXNativeTarget section */
		4F00D4B62C69540E008DBC8D /* Gehnne */ = {
			isa = PBXNativeTarget;
			buildConfigurationList = 4F00D4C52C695410008DBC8D /* Build configuration list for PBXNativeTarget "Gehnne" */;
			buildPhases = (
				4F00D4B32C69540E008DBC8D /* Sources */,
				4F00D4B42C69540E008DBC8D /* Frameworks */,
				4F00D4B52C69540E008DBC8D /* Resources */,
			);
			buildRules = (
			);
			dependencies = (
			);
			name = Gehnne;
			packageProductDependencies = (
				4FA953032C78E920009AC18C /* FirebaseAnalytics */,
				4FA953052C78E920009AC18C /* FirebaseAnalyticsOnDeviceConversion */,
				4FA953072C78E920009AC18C /* FirebaseAnalyticsWithoutAdIdSupport */,
				4FA953092C78E920009AC18C /* FirebaseAppCheck */,
				4FA9530B2C78E920009AC18C /* FirebaseAppDistribution-Beta */,
				4FA9530D2C78E920009AC18C /* FirebaseAuth */,
				4FA9530F2C78E920009AC18C /* FirebaseAuthCombine-Community */,
				4FA953112C78E920009AC18C /* FirebaseCrashlytics */,
				4FA953132C78E920009AC18C /* FirebaseDatabase */,
				4FA953152C78E920009AC18C /* FirebaseDynamicLinks */,
				4FA953172C78E920009AC18C /* FirebaseFirestore */,
				4FA953192C78E920009AC18C /* FirebaseFirestoreCombine-Community */,
				4FA9531B2C78E920009AC18C /* FirebaseFunctions */,
				4FA9531D2C78E920009AC18C /* FirebaseFunctionsCombine-Community */,
				4FA9531F2C78E920009AC18C /* FirebaseInAppMessaging-Beta */,
				4FA953212C78E920009AC18C /* FirebaseInstallations */,
				4FA953232C78E920009AC18C /* FirebaseMLModelDownloader */,
				4FA953252C78E920009AC18C /* FirebaseMessaging */,
				4FA953272C78E920009AC18C /* FirebasePerformance */,
				4FA953292C78E920009AC18C /* FirebaseRemoteConfig */,
				4FA9532B2C78E920009AC18C /* FirebaseStorage */,
				4FA9532D2C78E920009AC18C /* FirebaseStorageCombine-Community */,
				4FA9532F2C78E920009AC18C /* FirebaseVertexAI-Preview */,
			);
			productName = Gehnne;
			productReference = 4F00D4B72C69540E008DBC8D /* Gehnne.app */;
			productType = "com.apple.product-type.application";
		};
/* End PBXNativeTarget section */

/* Begin PBXProject section */
		4F00D4AF2C69540E008DBC8D /* Project object */ = {
			isa = PBXProject;
			attributes = {
				BuildIndependentTargetsInParallel = 1;
				LastSwiftUpdateCheck = 1540;
				LastUpgradeCheck = 1540;
				TargetAttributes = {
					4F00D4B62C69540E008DBC8D = {
						CreatedOnToolsVersion = 15.4;
					};
				};
			};
			buildConfigurationList = 4F00D4B22C69540E008DBC8D /* Build configuration list for PBXProject "Gehnne" */;
			compatibilityVersion = "Xcode 14.0";
			developmentRegion = en;
			hasScannedForEncodings = 0;
			knownRegions = (
				en,
				Base,
			);
			mainGroup = 4F00D4AE2C69540E008DBC8D;
			packageReferences = (
				4FA953022C78E920009AC18C /* XCRemoteSwiftPackageReference "firebase-ios-sdk" */,
			);
			productRefGroup = 4F00D4B82C69540E008DBC8D /* Products */;
			projectDirPath = "";
			projectRoot = "";
			targets = (
				4F00D4B62C69540E008DBC8D /* Gehnne */,
			);
		};
/* End PBXProject section */

/* Begin PBXResourcesBuildPhase section */
		4F00D4B52C69540E008DBC8D /* Resources */ = {
			isa = PBXResourcesBuildPhase;
			buildActionMask = 2147483647;
			files = (
				4F00D4C22C695410008DBC8D /* Preview Assets.xcassets in Resources */,
				4F00D4BF2C695410008DBC8D /* Assets.xcassets in Resources */,
				4FA953012C78E85F009AC18C /* GoogleService-Info.plist in Resources */,
			);
			runOnlyForDeploymentPostprocessing = 0;
		};
/* End PBXResourcesBuildPhase section */

/* Begin PBXSourcesBuildPhase section */
		4F00D4B32C69540E008DBC8D /* Sources */ = {
			isa = PBXSourcesBuildPhase;
			buildActionMask = 2147483647;
			files = (
				4FA953352C78F15F009AC18C /* EmailView.swift in Sources */,
				4FA953372C78FD61009AC18C /* PasswordView.swift in Sources */,
				4F7FC4A12C7B9E5600C74AB6 /* ButtonView.swift in Sources */,
				4F37D2202C695DDB002101A9 /* Viewodel.swift in Sources */,
				4F00D4BD2C69540E008DBC8D /* ContentView.swift in Sources */,
				4F37D2172C695B23002101A9 /* HomeTopBar.swift in Sources */,
				4F7FC4A32C7BA04D00C74AB6 /* TopView.swift in Sources */,
				4F7FC4A82C7BB86600C74AB6 /* SignUp.swift in Sources */,
				4F8D73202C69E29600CD3E7F /* ItemView.swift in Sources */,
				4F37D2232C695ECF002101A9 /* SideMenu.swift in Sources */,
				4F37D21D2C695BB6002101A9 /* OrderList.swift in Sources */,
				4F7FC4A52C7BB73800C74AB6 /* OrView.swift in Sources */,
				4FA953332C78EC32009AC18C /* LoginView.swift in Sources */,
				4F2899F92C70658700A1C75E /* SplashScreen.swift in Sources */,
				4F8D731E2C69E04800CD3E7F /* SearchBar.swift in Sources */,
				4F00D4BB2C69540E008DBC8D /* GehnneApp.swift in Sources */,
				4F37D2192C695B62002101A9 /* TitleView.swift in Sources */,
				4F37D21B2C695BAA002101A9 /* SlideMenu.swift in Sources */,
			);
			runOnlyForDeploymentPostprocessing = 0;
		};
/* End PBXSourcesBuildPhase section */

/* Begin XCBuildConfiguration section */
		4F00D4C32C695410008DBC8D /* Debug */ = {
			isa = XCBuildConfiguration;
			buildSettings = {
				ALWAYS_SEARCH_USER_PATHS = NO;
				ASSETCATALOG_COMPILER_GENERATE_SWIFT_ASSET_SYMBOL_EXTENSIONS = YES;
				CLANG_ANALYZER_NONNULL = YES;
				CLANG_ANALYZER_NUMBER_OBJECT_CONVERSION = YES_AGGRESSIVE;
				CLANG_CXX_LANGUAGE_STANDARD = "gnu++20";
				CLANG_ENABLE_MODULES = YES;
				CLANG_ENABLE_OBJC_ARC = YES;
				CLANG_ENABLE_OBJC_WEAK = YES;
				CLANG_WARN_BLOCK_CAPTURE_AUTORELEASING = YES;
				CLANG_WARN_BOOL_CONVERSION = YES;
				CLANG_WARN_COMMA = YES;
				CLANG_WARN_CONSTANT_CONVERSION = YES;
				CLANG_WARN_DEPRECATED_OBJC_IMPLEMENTATIONS = YES;
				CLANG_WARN_DIRECT_OBJC_ISA_USAGE = YES_ERROR;
				CLANG_WARN_DOCUMENTATION_COMMENTS = YES;
				CLANG_WARN_EMPTY_BODY = YES;
				CLANG_WARN_ENUM_CONVERSION = YES;
				CLANG_WARN_INFINITE_RECURSION = YES;
				CLANG_WARN_INT_CONVERSION = YES;
				CLANG_WARN_NON_LITERAL_NULL_CONVERSION = YES;
				CLANG_WARN_OBJC_IMPLICIT_RETAIN_SELF = YES;
				CLANG_WARN_OBJC_LITERAL_CONVERSION = YES;
				CLANG_WARN_OBJC_ROOT_CLASS = YES_ERROR;
				CLANG_WARN_QUOTED_INCLUDE_IN_FRAMEWORK_HEADER = YES;
				CLANG_WARN_RANGE_LOOP_ANALYSIS = YES;
				CLANG_WARN_STRICT_PROTOTYPES = YES;
				CLANG_WARN_SUSPICIOUS_MOVE = YES;
				CLANG_WARN_UNGUARDED_AVAILABILITY = YES_AGGRESSIVE;
				CLANG_WARN_UNREACHABLE_CODE = YES;
				CLANG_WARN__DUPLICATE_METHOD_MATCH = YES;
				COPY_PHASE_STRIP = NO;
				DEBUG_INFORMATION_FORMAT = dwarf;
				ENABLE_STRICT_OBJC_MSGSEND = YES;
				ENABLE_TESTABILITY = YES;
				ENABLE_USER_SCRIPT_SANDBOXING = YES;
				GCC_C_LANGUAGE_STANDARD = gnu17;
				GCC_DYNAMIC_NO_PIC = NO;
				GCC_NO_COMMON_BLOCKS = YES;
				GCC_OPTIMIZATION_LEVEL = 0;
				GCC_PREPROCESSOR_DEFINITIONS = (
					"DEBUG=1",
					"$(inherited)",
				);
				GCC_WARN_64_TO_32_BIT_CONVERSION = YES;
				GCC_WARN_ABOUT_RETURN_TYPE = YES_ERROR;
				GCC_WARN_UNDECLARED_SELECTOR = YES;
				GCC_WARN_UNINITIALIZED_AUTOS = YES_AGGRESSIVE;
				GCC_WARN_UNUSED_FUNCTION = YES;
				GCC_WARN_UNUSED_VARIABLE = YES;
				IPHONEOS_DEPLOYMENT_TARGET = 17.0;
				LOCALIZATION_PREFERS_STRING_CATALOGS = YES;
				MTL_ENABLE_DEBUG_INFO = INCLUDE_SOURCE;
				MTL_FAST_MATH = YES;
				ONLY_ACTIVE_ARCH = YES;
				SDKROOT = iphoneos;
				SWIFT_ACTIVE_COMPILATION_CONDITIONS = "DEBUG $(inherited)";
				SWIFT_OPTIMIZATION_LEVEL = "-Onone";
			};
			name = Debug;
		};
		4F00D4C42C695410008DBC8D /* Release */ = {
			isa = XCBuildConfiguration;
			buildSettings = {
				ALWAYS_SEARCH_USER_PATHS = NO;
				ASSETCATALOG_COMPILER_GENERATE_SWIFT_ASSET_SYMBOL_EXTENSIONS = YES;
				CLANG_ANALYZER_NONNULL = YES;
				CLANG_ANALYZER_NUMBER_OBJECT_CONVERSION = YES_AGGRESSIVE;
				CLANG_CXX_LANGUAGE_STANDARD = "gnu++20";
				CLANG_ENABLE_MODULES = YES;
				CLANG_ENABLE_OBJC_ARC = YES;
				CLANG_ENABLE_OBJC_WEAK = YES;
				CLANG_WARN_BLOCK_CAPTURE_AUTORELEASING = YES;
				CLANG_WARN_BOOL_CONVERSION = YES;
				CLANG_WARN_COMMA = YES;
				CLANG_WARN_CONSTANT_CONVERSION = YES;
				CLANG_WARN_DEPRECATED_OBJC_IMPLEMENTATIONS = YES;
				CLANG_WARN_DIRECT_OBJC_ISA_USAGE = YES_ERROR;
				CLANG_WARN_DOCUMENTATION_COMMENTS = YES;
				CLANG_WARN_EMPTY_BODY = YES;
				CLANG_WARN_ENUM_CONVERSION = YES;
				CLANG_WARN_INFINITE_RECURSION = YES;
				CLANG_WARN_INT_CONVERSION = YES;
				CLANG_WARN_NON_LITERAL_NULL_CONVERSION = YES;
				CLANG_WARN_OBJC_IMPLICIT_RETAIN_SELF = YES;
				CLANG_WARN_OBJC_LITERAL_CONVERSION = YES;
				CLANG_WARN_OBJC_ROOT_CLASS = YES_ERROR;
				CLANG_WARN_QUOTED_INCLUDE_IN_FRAMEWORK_HEADER = YES;
				CLANG_WARN_RANGE_LOOP_ANALYSIS = YES;
				CLANG_WARN_STRICT_PROTOTYPES = YES;
				CLANG_WARN_SUSPICIOUS_MOVE = YES;
				CLANG_WARN_UNGUARDED_AVAILABILITY = YES_AGGRESSIVE;
				CLANG_WARN_UNREACHABLE_CODE = YES;
				CLANG_WARN__DUPLICATE_METHOD_MATCH = YES;
				COPY_PHASE_STRIP = NO;
				DEBUG_INFORMATION_FORMAT = "dwarf-with-dsym";
				ENABLE_NS_ASSERTIONS = NO;
				ENABLE_STRICT_OBJC_MSGSEND = YES;
				ENABLE_USER_SCRIPT_SANDBOXING = YES;
				GCC_C_LANGUAGE_STANDARD = gnu17;
				GCC_NO_COMMON_BLOCKS = YES;
				GCC_WARN_64_TO_32_BIT_CONVERSION = YES;
				GCC_WARN_ABOUT_RETURN_TYPE = YES_ERROR;
				GCC_WARN_UNDECLARED_SELECTOR = YES;
				GCC_WARN_UNINITIALIZED_AUTOS = YES_AGGRESSIVE;
				GCC_WARN_UNUSED_FUNCTION = YES;
				GCC_WARN_UNUSED_VARIABLE = YES;
				IPHONEOS_DEPLOYMENT_TARGET = 17.0;
				LOCALIZATION_PREFERS_STRING_CATALOGS = YES;
				MTL_ENABLE_DEBUG_INFO = NO;
				MTL_FAST_MATH = YES;
				SDKROOT = iphoneos;
				SWIFT_COMPILATION_MODE = wholemodule;
				VALIDATE_PRODUCT = YES;
			};
			name = Release;
		};
		4F00D4C62C695410008DBC8D /* Debug */ = {
			isa = XCBuildConfiguration;
			buildSettings = {
				ASSETCATALOG_COMPILER_APPICON_NAME = AppIcon;
				ASSETCATALOG_COMPILER_GLOBAL_ACCENT_COLOR_NAME = AccentColor;
				CODE_SIGN_STYLE = Automatic;
				CURRENT_PROJECT_VERSION = 1;
				DEVELOPMENT_ASSET_PATHS = "\"Gehnne/Preview Content\"";
				DEVELOPMENT_TEAM = 2CZ3B92866;
				ENABLE_PREVIEWS = YES;
				GENERATE_INFOPLIST_FILE = YES;
				INFOPLIST_KEY_UIApplicationSceneManifest_Generation = YES;
				INFOPLIST_KEY_UIApplicationSupportsIndirectInputEvents = YES;
				INFOPLIST_KEY_UILaunchScreen_Generation = YES;
				INFOPLIST_KEY_UISupportedInterfaceOrientations_iPad = "UIInterfaceOrientationPortrait UIInterfaceOrientationPortraitUpsideDown UIInterfaceOrientationLandscapeLeft UIInterfaceOrientationLandscapeRight";
				INFOPLIST_KEY_UISupportedInterfaceOrientations_iPhone = "UIInterfaceOrientationPortrait UIInterfaceOrientationLandscapeLeft UIInterfaceOrientationLandscapeRight";
				IPHONEOS_DEPLOYMENT_TARGET = 17.0;
				LD_RUNPATH_SEARCH_PATHS = (
					"$(inherited)",
					"@executable_path/Frameworks",
				);
				MARKETING_VERSION = 1.0;
				PRODUCT_BUNDLE_IDENTIFIER = Singh.Shomil.Gehnne;
				PRODUCT_NAME = "$(TARGET_NAME)";
				SWIFT_EMIT_LOC_STRINGS = YES;
				SWIFT_VERSION = 5.0;
				TARGETED_DEVICE_FAMILY = "1,2";
			};
			name = Debug;
		};
		4F00D4C72C695410008DBC8D /* Release */ = {
			isa = XCBuildConfiguration;
			buildSettings = {
				ASSETCATALOG_COMPILER_APPICON_NAME = AppIcon;
				ASSETCATALOG_COMPILER_GLOBAL_ACCENT_COLOR_NAME = AccentColor;
				CODE_SIGN_STYLE = Automatic;
				CURRENT_PROJECT_VERSION = 1;
				DEVELOPMENT_ASSET_PATHS = "\"Gehnne/Preview Content\"";
				DEVELOPMENT_TEAM = 2CZ3B92866;
				ENABLE_PREVIEWS = YES;
				GENERATE_INFOPLIST_FILE = YES;
				INFOPLIST_KEY_UIApplicationSceneManifest_Generation = YES;
				INFOPLIST_KEY_UIApplicationSupportsIndirectInputEvents = YES;
				INFOPLIST_KEY_UILaunchScreen_Generation = YES;
				INFOPLIST_KEY_UISupportedInterfaceOrientations_iPad = "UIInterfaceOrientationPortrait UIInterfaceOrientationPortraitUpsideDown UIInterfaceOrientationLandscapeLeft UIInterfaceOrientationLandscapeRight";
				INFOPLIST_KEY_UISupportedInterfaceOrientations_iPhone = "UIInterfaceOrientationPortrait UIInterfaceOrientationLandscapeLeft UIInterfaceOrientationLandscapeRight";
				IPHONEOS_DEPLOYMENT_TARGET = 17.0;
				LD_RUNPATH_SEARCH_PATHS = (
					"$(inherited)",
					"@executable_path/Frameworks",
				);
				MARKETING_VERSION = 1.0;
				PRODUCT_BUNDLE_IDENTIFIER = Singh.Shomil.Gehnne;
				PRODUCT_NAME = "$(TARGET_NAME)";
				SWIFT_EMIT_LOC_STRINGS = YES;
				SWIFT_VERSION = 5.0;
				TARGETED_DEVICE_FAMILY = "1,2";
			};
			name = Release;
		};
/* End XCBuildConfiguration section */

/* Begin XCConfigurationList section */
		4F00D4B22C69540E008DBC8D /* Build configuration list for PBXProject "Gehnne" */ = {
			isa = XCConfigurationList;
			buildConfigurations = (
				4F00D4C32C695410008DBC8D /* Debug */,
				4F00D4C42C695410008DBC8D /* Release */,
			);
			defaultConfigurationIsVisible = 0;
			defaultConfigurationName = Release;
		};
		4F00D4C52C695410008DBC8D /* Build configuration list for PBXNativeTarget "Gehnne" */ = {
			isa = XCConfigurationList;
			buildConfigurations = (
				4F00D4C62C695410008DBC8D /* Debug */,
				4F00D4C72C695410008DBC8D /* Release */,
			);
			defaultConfigurationIsVisible = 0;
			defaultConfigurationName = Release;
		};
/* End XCConfigurationList section */

/* Begin XCRemoteSwiftPackageReference section */
		4FA953022C78E920009AC18C /* XCRemoteSwiftPackageReference "firebase-ios-sdk" */ = {
			isa = XCRemoteSwiftPackageReference;
			repositoryURL = "https://github.com/firebase/firebase-ios-sdk";
			requirement = {
				kind = upToNextMajorVersion;
				minimumVersion = 11.1.0;
			};
		};
/* End XCRemoteSwiftPackageReference section */

/* Begin XCSwiftPackageProductDependency section */
		4FA953032C78E920009AC18C /* FirebaseAnalytics */ = {
			isa = XCSwiftPackageProductDependency;
			package = 4FA953022C78E920009AC18C /* XCRemoteSwiftPackageReference "firebase-ios-sdk" */;
			productName = FirebaseAnalytics;
		};
		4FA953052C78E920009AC18C /* FirebaseAnalyticsOnDeviceConversion */ = {
			isa = XCSwiftPackageProductDependency;
			package = 4FA953022C78E920009AC18C /* XCRemoteSwiftPackageReference "firebase-ios-sdk" */;
			productName = FirebaseAnalyticsOnDeviceConversion;
		};
		4FA953072C78E920009AC18C /* FirebaseAnalyticsWithoutAdIdSupport */ = {
			isa = XCSwiftPackageProductDependency;
			package = 4FA953022C78E920009AC18C /* XCRemoteSwiftPackageReference "firebase-ios-sdk" */;
			productName = FirebaseAnalyticsWithoutAdIdSupport;
		};
		4FA953092C78E920009AC18C /* FirebaseAppCheck */ = {
			isa = XCSwiftPackageProductDependency;
			package = 4FA953022C78E920009AC18C /* XCRemoteSwiftPackageReference "firebase-ios-sdk" */;
			productName = FirebaseAppCheck;
		};
		4FA9530B2C78E920009AC18C /* FirebaseAppDistribution-Beta */ = {
			isa = XCSwiftPackageProductDependency;
			package = 4FA953022C78E920009AC18C /* XCRemoteSwiftPackageReference "firebase-ios-sdk" */;
			productName = "FirebaseAppDistribution-Beta";
		};
		4FA9530D2C78E920009AC18C /* FirebaseAuth */ = {
			isa = XCSwiftPackageProductDependency;
			package = 4FA953022C78E920009AC18C /* XCRemoteSwiftPackageReference "firebase-ios-sdk" */;
			productName = FirebaseAuth;
		};
		4FA9530F2C78E920009AC18C /* FirebaseAuthCombine-Community */ = {
			isa = XCSwiftPackageProductDependency;
			package = 4FA953022C78E920009AC18C /* XCRemoteSwiftPackageReference "firebase-ios-sdk" */;
			productName = "FirebaseAuthCombine-Community";
		};
		4FA953112C78E920009AC18C /* FirebaseCrashlytics */ = {
			isa = XCSwiftPackageProductDependency;
			package = 4FA953022C78E920009AC18C /* XCRemoteSwiftPackageReference "firebase-ios-sdk" */;
			productName = FirebaseCrashlytics;
		};
		4FA953132C78E920009AC18C /* FirebaseDatabase */ = {
			isa = XCSwiftPackageProductDependency;
			package = 4FA953022C78E920009AC18C /* XCRemoteSwiftPackageReference "firebase-ios-sdk" */;
			productName = FirebaseDatabase;
		};
		4FA953152C78E920009AC18C /* FirebaseDynamicLinks */ = {
			isa = XCSwiftPackageProductDependency;
			package = 4FA953022C78E920009AC18C /* XCRemoteSwiftPackageReference "firebase-ios-sdk" */;
			productName = FirebaseDynamicLinks;
		};
		4FA953172C78E920009AC18C /* FirebaseFirestore */ = {
			isa = XCSwiftPackageProductDependency;
			package = 4FA953022C78E920009AC18C /* XCRemoteSwiftPackageReference "firebase-ios-sdk" */;
			productName = FirebaseFirestore;
		};
		4FA953192C78E920009AC18C /* FirebaseFirestoreCombine-Community */ = {
			isa = XCSwiftPackageProductDependency;
			package = 4FA953022C78E920009AC18C /* XCRemoteSwiftPackageReference "firebase-ios-sdk" */;
			productName = "FirebaseFirestoreCombine-Community";
		};
		4FA9531B2C78E920009AC18C /* FirebaseFunctions */ = {
			isa = XCSwiftPackageProductDependency;
			package = 4FA953022C78E920009AC18C /* XCRemoteSwiftPackageReference "firebase-ios-sdk" */;
			productName = FirebaseFunctions;
		};
		4FA9531D2C78E920009AC18C /* FirebaseFunctionsCombine-Community */ = {
			isa = XCSwiftPackageProductDependency;
			package = 4FA953022C78E920009AC18C /* XCRemoteSwiftPackageReference "firebase-ios-sdk" */;
			productName = "FirebaseFunctionsCombine-Community";
		};
		4FA9531F2C78E920009AC18C /* FirebaseInAppMessaging-Beta */ = {
			isa = XCSwiftPackageProductDependency;
			package = 4FA953022C78E920009AC18C /* XCRemoteSwiftPackageReference "firebase-ios-sdk" */;
			productName = "FirebaseInAppMessaging-Beta";
		};
		4FA953212C78E920009AC18C /* FirebaseInstallations */ = {
			isa = XCSwiftPackageProductDependency;
			package = 4FA953022C78E920009AC18C /* XCRemoteSwiftPackageReference "firebase-ios-sdk" */;
			productName = FirebaseInstallations;
		};
		4FA953232C78E920009AC18C /* FirebaseMLModelDownloader */ = {
			isa = XCSwiftPackageProductDependency;
			package = 4FA953022C78E920009AC18C /* XCRemoteSwiftPackageReference "firebase-ios-sdk" */;
			productName = FirebaseMLModelDownloader;
		};
		4FA953252C78E920009AC18C /* FirebaseMessaging */ = {
			isa = XCSwiftPackageProductDependency;
			package = 4FA953022C78E920009AC18C /* XCRemoteSwiftPackageReference "firebase-ios-sdk" */;
			productName = FirebaseMessaging;
		};
		4FA953272C78E920009AC18C /* FirebasePerformance */ = {
			isa = XCSwiftPackageProductDependency;
			package = 4FA953022C78E920009AC18C /* XCRemoteSwiftPackageReference "firebase-ios-sdk" */;
			productName = FirebasePerformance;
		};
		4FA953292C78E920009AC18C /* FirebaseRemoteConfig */ = {
			isa = XCSwiftPackageProductDependency;
			package = 4FA953022C78E920009AC18C /* XCRemoteSwiftPackageReference "firebase-ios-sdk" */;
			productName = FirebaseRemoteConfig;
		};
		4FA9532B2C78E920009AC18C /* FirebaseStorage */ = {
			isa = XCSwiftPackageProductDependency;
			package = 4FA953022C78E920009AC18C /* XCRemoteSwiftPackageReference "firebase-ios-sdk" */;
			productName = FirebaseStorage;
		};
		4FA9532D2C78E920009AC18C /* FirebaseStorageCombine-Community */ = {
			isa = XCSwiftPackageProductDependency;
			package = 4FA953022C78E920009AC18C /* XCRemoteSwiftPackageReference "firebase-ios-sdk" */;
			productName = "FirebaseStorageCombine-Community";
		};
		4FA9532F2C78E920009AC18C /* FirebaseVertexAI-Preview */ = {
			isa = XCSwiftPackageProductDependency;
			package = 4FA953022C78E920009AC18C /* XCRemoteSwiftPackageReference "firebase-ios-sdk" */;
			productName = "FirebaseVertexAI-Preview";
		};
/* End XCSwiftPackageProductDependency section */
	};
	rootObject = 4F00D4AF2C69540E008DBC8D /* Project object */;
}
