// !$*UTF8*$!
{
	archiveVersion = 1;
	classes = {
	};
	objectVersion = 56;
	objects = {

/* Begin PBXBuildFile section */
		4F00D4BB2C69540E008DBC8D /* GehnneApp.swift in Sources */ = {isa = PBXBuildFile; fileRef = 4F00D4BA2C69540E008DBC8D /* GehnneApp.swift */; };
		4F00D4BD2C69540E008DBC8D /* ContentView.swift in Sources */ = {isa = PBXBuildFile; fileRef = 4F00D4BC2C69540E008DBC8D /* ContentView.swift */; };
		4F00D4BF2C695410008DBC8D /* Assets.xcassets in Resources */ = {isa = PBXBuildFile; fileRef = 4F00D4BE2C695410008DBC8D /* Assets.xcassets */; };
		4F00D4C22C695410008DBC8D /* Preview Assets.xcassets in Resources */ = {isa = PBXBuildFile; fileRef = 4F00D4C12C695410008DBC8D /* Preview Assets.xcassets */; };
		4F37D2172C695B23002101A9 /* HomeTopBar.swift in Sources */ = {isa = PBXBuildFile; fileRef = 4F37D2162C695B23002101A9 /* HomeTopBar.swift */; };
		4F37D2192C695B62002101A9 /* TitleView.swift in Sources */ = {isa = PBXBuildFile; fileRef = 4F37D2182C695B62002101A9 /* TitleView.swift */; };
		4F37D21B2C695BAA002101A9 /* SlideMenu.swift in Sources */ = {isa = PBXBuildFile; fileRef = 4F37D21A2C695BAA002101A9 /* SlideMenu.swift */; };
		4F37D21D2C695BB6002101A9 /* OrderList.swift in Sources */ = {isa = PBXBuildFile; fileRef = 4F37D21C2C695BB6002101A9 /* OrderList.swift */; };
		4F37D2202C695DDB002101A9 /* Viewodel.swift in Sources */ = {isa = PBXBuildFile; fileRef = 4F37D21F2C695DDB002101A9 /* Viewodel.swift */; };
		4F37D2232C695ECF002101A9 /* SideMenu.swift in Sources */ = {isa = PBXBuildFile; fileRef = 4F37D2222C695ECF002101A9 /* SideMenu.swift */; };
		4F8D731E2C69E04800CD3E7F /* SearchBar.swift in Sources */ = {isa = PBXBuildFile; fileRef = 4F8D731D2C69E04800CD3E7F /* SearchBar.swift */; };
/* End PBXBuildFile section */

/* Begin PBXFileReference section */
		4F00D4B72C69540E008DBC8D /* Gehnne.app */ = {isa = PBXFileReference; explicitFileType = wrapper.application; includeInIndex = 0; path = Gehnne.app; sourceTree = BUILT_PRODUCTS_DIR; };
		4F00D4BA2C69540E008DBC8D /* GehnneApp.swift */ = {isa = PBXFileReference; lastKnownFileType = sourcecode.swift; path = GehnneApp.swift; sourceTree = "<group>"; };
		4F00D4BC2C69540E008DBC8D /* ContentView.swift */ = {isa = PBXFileReference; lastKnownFileType = sourcecode.swift; path = ContentView.swift; sourceTree = "<group>"; };
		4F00D4BE2C695410008DBC8D /* Assets.xcassets */ = {isa = PBXFileReference; lastKnownFileType = folder.assetcatalog; path = Assets.xcassets; sourceTree = "<group>"; };
		4F00D4C12C695410008DBC8D /* Preview Assets.xcassets */ = {isa = PBXFileReference; lastKnownFileType = folder.assetcatalog; path = "Preview Assets.xcassets"; sourceTree = "<group>"; };
		4F37D2162C695B23002101A9 /* HomeTopBar.swift */ = {isa = PBXFileReference; lastKnownFileType = sourcecode.swift; path = HomeTopBar.swift; sourceTree = "<group>"; };
		4F37D2182C695B62002101A9 /* TitleView.swift */ = {isa = PBXFileReference; lastKnownFileType = sourcecode.swift; path = TitleView.swift; sourceTree = "<group>"; };
		4F37D21A2C695BAA002101A9 /* SlideMenu.swift */ = {isa = PBXFileReference; lastKnownFileType = sourcecode.swift; path = SlideMenu.swift; sourceTree = "<group>"; };
		4F37D21C2C695BB6002101A9 /* OrderList.swift */ = {isa = PBXFileReference; lastKnownFileType = sourcecode.swift; path = OrderList.swift; sourceTree = "<group>"; };
		4F37D21F2C695DDB002101A9 /* Viewodel.swift */ = {isa = PBXFileReference; lastKnownFileType = sourcecode.swift; path = Viewodel.swift; sourceTree = "<group>"; };
		4F37D2222C695ECF002101A9 /* SideMenu.swift */ = {isa = PBXFileReference; lastKnownFileType = sourcecode.swift; path = SideMenu.swift; sourceTree = "<group>"; };
		4F8D731D2C69E04800CD3E7F /* SearchBar.swift */ = {isa = PBXFileReference; lastKnownFileType = sourcecode.swift; path = SearchBar.swift; sourceTree = "<group>"; };
/* End PBXFileReference section */

/* Begin PBXFrameworksBuildPhase section */
		4F00D4B42C69540E008DBC8D /* Frameworks */ = {
			isa = PBXFrameworksBuildPhase;
			buildActionMask = 2147483647;
			files = (
			);
			runOnlyForDeploymentPostprocessing = 0;
		};
/* End PBXFrameworksBuildPhase section */

/* Begin PBXGroup section */
		4F00D4AE2C69540E008DBC8D = {
			isa = PBXGroup;
			children = (
				4F00D4B92C69540E008DBC8D /* Gehnne */,
				4F00D4B82C69540E008DBC8D /* Products */,
			);
			sourceTree = "<group>";
		};
		4F00D4B82C69540E008DBC8D /* Products */ = {
			isa = PBXGroup;
			children = (
				4F00D4B72C69540E008DBC8D /* Gehnne.app */,
			);
			name = Products;
			sourceTree = "<group>";
		};
		4F00D4B92C69540E008DBC8D /* Gehnne */ = {
			isa = PBXGroup;
			children = (
				4F00D4BA2C69540E008DBC8D /* GehnneApp.swift */,
				4F37D21E2C695DA9002101A9 /* ViewModels */,
				4F37D2152C695B0F002101A9 /* TopBar */,
				4F00D4BC2C69540E008DBC8D /* ContentView.swift */,
				4F00D4BE2C695410008DBC8D /* Assets.xcassets */,
				4F00D4C02C695410008DBC8D /* Preview Content */,
				4F8D731D2C69E04800CD3E7F /* SearchBar.swift */,
			);
			path = Gehnne;
			sourceTree = "<group>";
		};
		4F00D4C02C695410008DBC8D /* Preview Content */ = {
			isa = PBXGroup;
			children = (
				4F00D4C12C695410008DBC8D /* Preview Assets.xcassets */,
			);
			path = "Preview Content";
			sourceTree = "<group>";
		};
		4F37D2152C695B0F002101A9 /* TopBar */ = {
			isa = PBXGroup;
			children = (
				4F37D2162C695B23002101A9 /* HomeTopBar.swift */,
				4F37D2182C695B62002101A9 /* TitleView.swift */,
				4F37D21A2C695BAA002101A9 /* SlideMenu.swift */,
				4F37D2212C695E57002101A9 /* SlideMenu */,
				4F37D21C2C695BB6002101A9 /* OrderList.swift */,
			);
			path = TopBar;
			sourceTree = "<group>";
		};
		4F37D21E2C695DA9002101A9 /* ViewModels */ = {
			isa = PBXGroup;
			children = (
				4F37D21F2C695DDB002101A9 /* Viewodel.swift */,
			);
			path = ViewModels;
			sourceTree = "<group>";
		};
		4F37D2212C695E57002101A9 /* SlideMenu */ = {
			isa = PBXGroup;
			children = (
				4F37D2222C695ECF002101A9 /* SideMenu.swift */,
			);
			path = SlideMenu;
			sourceTree = "<group>";
		};
/* End PBXGroup section */

/* Begin PBXNativeTarget section */
		4F00D4B62C69540E008DBC8D /* Gehnne */ = {
			isa = PBXNativeTarget;
			buildConfigurationList = 4F00D4C52C695410008DBC8D /* Build configuration list for PBXNativeTarget "Gehnne" */;
			buildPhases = (
				4F00D4B32C69540E008DBC8D /* Sources */,
				4F00D4B42C69540E008DBC8D /* Frameworks */,
				4F00D4B52C69540E008DBC8D /* Resources */,
			);
			buildRules = (
			);
			dependencies = (
			);
			name = Gehnne;
			productName = Gehnne;
			productReference = 4F00D4B72C69540E008DBC8D /* Gehnne.app */;
			productType = "com.apple.product-type.application";
		};
/* End PBXNativeTarget section */

/* Begin PBXProject section */
		4F00D4AF2C69540E008DBC8D /* Project object */ = {
			isa = PBXProject;
			attributes = {
				BuildIndependentTargetsInParallel = 1;
				LastSwiftUpdateCheck = 1540;
				LastUpgradeCheck = 1540;
				TargetAttributes = {
					4F00D4B62C69540E008DBC8D = {
						CreatedOnToolsVersion = 15.4;
					};
				};
			};
			buildConfigurationList = 4F00D4B22C69540E008DBC8D /* Build configuration list for PBXProject "Gehnne" */;
			compatibilityVersion = "Xcode 14.0";
			developmentRegion = en;
			hasScannedForEncodings = 0;
			knownRegions = (
				en,
				Base,
			);
			mainGroup = 4F00D4AE2C69540E008DBC8D;
			productRefGroup = 4F00D4B82C69540E008DBC8D /* Products */;
			projectDirPath = "";
			projectRoot = "";
			targets = (
				4F00D4B62C69540E008DBC8D /* Gehnne */,
			);
		};
/* End PBXProject section */

/* Begin PBXResourcesBuildPhase section */
		4F00D4B52C69540E008DBC8D /* Resources */ = {
			isa = PBXResourcesBuildPhase;
			buildActionMask = 2147483647;
			files = (
				4F00D4C22C695410008DBC8D /* Preview Assets.xcassets in Resources */,
				4F00D4BF2C695410008DBC8D /* Assets.xcassets in Resources */,
			);
			runOnlyForDeploymentPostprocessing = 0;
		};
/* End PBXResourcesBuildPhase section */

/* Begin PBXSourcesBuildPhase section */
		4F00D4B32C69540E008DBC8D /* Sources */ = {
			isa = PBXSourcesBuildPhase;
			buildActionMask = 2147483647;
			files = (
				4F37D2202C695DDB002101A9 /* Viewodel.swift in Sources */,
				4F00D4BD2C69540E008DBC8D /* ContentView.swift in Sources */,
				4F37D2172C695B23002101A9 /* HomeTopBar.swift in Sources */,
				4F37D2232C695ECF002101A9 /* SideMenu.swift in Sources */,
				4F37D21D2C695BB6002101A9 /* OrderList.swift in Sources */,
				4F8D731E2C69E04800CD3E7F /* SearchBar.swift in Sources */,
				4F00D4BB2C69540E008DBC8D /* GehnneApp.swift in Sources */,
				4F37D2192C695B62002101A9 /* TitleView.swift in Sources */,
				4F37D21B2C695BAA002101A9 /* SlideMenu.swift in Sources */,
			);
			runOnlyForDeploymentPostprocessing = 0;
		};
/* End PBXSourcesBuildPhase section */

/* Begin XCBuildConfiguration section */
		4F00D4C32C695410008DBC8D /* Debug */ = {
			isa = XCBuildConfiguration;
			buildSettings = {
				ALWAYS_SEARCH_USER_PATHS = NO;
				ASSETCATALOG_COMPILER_GENERATE_SWIFT_ASSET_SYMBOL_EXTENSIONS = YES;
				CLANG_ANALYZER_NONNULL = YES;
				CLANG_ANALYZER_NUMBER_OBJECT_CONVERSION = YES_AGGRESSIVE;
				CLANG_CXX_LANGUAGE_STANDARD = "gnu++20";
				CLANG_ENABLE_MODULES = YES;
				CLANG_ENABLE_OBJC_ARC = YES;
				CLANG_ENABLE_OBJC_WEAK = YES;
				CLANG_WARN_BLOCK_CAPTURE_AUTORELEASING = YES;
				CLANG_WARN_BOOL_CONVERSION = YES;
				CLANG_WARN_COMMA = YES;
				CLANG_WARN_CONSTANT_CONVERSION = YES;
				CLANG_WARN_DEPRECATED_OBJC_IMPLEMENTATIONS = YES;
				CLANG_WARN_DIRECT_OBJC_ISA_USAGE = YES_ERROR;
				CLANG_WARN_DOCUMENTATION_COMMENTS = YES;
				CLANG_WARN_EMPTY_BODY = YES;
				CLANG_WARN_ENUM_CONVERSION = YES;
				CLANG_WARN_INFINITE_RECURSION = YES;
				CLANG_WARN_INT_CONVERSION = YES;
				CLANG_WARN_NON_LITERAL_NULL_CONVERSION = YES;
				CLANG_WARN_OBJC_IMPLICIT_RETAIN_SELF = YES;
				CLANG_WARN_OBJC_LITERAL_CONVERSION = YES;
				CLANG_WARN_OBJC_ROOT_CLASS = YES_ERROR;
				CLANG_WARN_QUOTED_INCLUDE_IN_FRAMEWORK_HEADER = YES;
				CLANG_WARN_RANGE_LOOP_ANALYSIS = YES;
				CLANG_WARN_STRICT_PROTOTYPES = YES;
				CLANG_WARN_SUSPICIOUS_MOVE = YES;
				CLANG_WARN_UNGUARDED_AVAILABILITY = YES_AGGRESSIVE;
				CLANG_WARN_UNREACHABLE_CODE = YES;
				CLANG_WARN__DUPLICATE_METHOD_MATCH = YES;
				COPY_PHASE_STRIP = NO;
				DEBUG_INFORMATION_FORMAT = dwarf;
				ENABLE_STRICT_OBJC_MSGSEND = YES;
				ENABLE_TESTABILITY = YES;
				ENABLE_USER_SCRIPT_SANDBOXING = YES;
				GCC_C_LANGUAGE_STANDARD = gnu17;
				GCC_DYNAMIC_NO_PIC = NO;
				GCC_NO_COMMON_BLOCKS = YES;
				GCC_OPTIMIZATION_LEVEL = 0;
				GCC_PREPROCESSOR_DEFINITIONS = (
					"DEBUG=1",
					"$(inherited)",
				);
				GCC_WARN_64_TO_32_BIT_CONVERSION = YES;
				GCC_WARN_ABOUT_RETURN_TYPE = YES_ERROR;
				GCC_WARN_UNDECLARED_SELECTOR = YES;
				GCC_WARN_UNINITIALIZED_AUTOS = YES_AGGRESSIVE;
				GCC_WARN_UNUSED_FUNCTION = YES;
				GCC_WARN_UNUSED_VARIABLE = YES;
				IPHONEOS_DEPLOYMENT_TARGET = 17.0;
				LOCALIZATION_PREFERS_STRING_CATALOGS = YES;
				MTL_ENABLE_DEBUG_INFO = INCLUDE_SOURCE;
				MTL_FAST_MATH = YES;
				ONLY_ACTIVE_ARCH = YES;
				SDKROOT = iphoneos;
				SWIFT_ACTIVE_COMPILATION_CONDITIONS = "DEBUG $(inherited)";
				SWIFT_OPTIMIZATION_LEVEL = "-Onone";
			};
			name = Debug;
		};
		4F00D4C42C695410008DBC8D /* Release */ = {
			isa = XCBuildConfiguration;
			buildSettings = {
				ALWAYS_SEARCH_USER_PATHS = NO;
				ASSETCATALOG_COMPILER_GENERATE_SWIFT_ASSET_SYMBOL_EXTENSIONS = YES;
				CLANG_ANALYZER_NONNULL = YES;
				CLANG_ANALYZER_NUMBER_OBJECT_CONVERSION = YES_AGGRESSIVE;
				CLANG_CXX_LANGUAGE_STANDARD = "gnu++20";
				CLANG_ENABLE_MODULES = YES;
				CLANG_ENABLE_OBJC_ARC = YES;
				CLANG_ENABLE_OBJC_WEAK = YES;
				CLANG_WARN_BLOCK_CAPTURE_AUTORELEASING = YES;
				CLANG_WARN_BOOL_CONVERSION = YES;
				CLANG_WARN_COMMA = YES;
				CLANG_WARN_CONSTANT_CONVERSION = YES;
				CLANG_WARN_DEPRECATED_OBJC_IMPLEMENTATIONS = YES;
				CLANG_WARN_DIRECT_OBJC_ISA_USAGE = YES_ERROR;
				CLANG_WARN_DOCUMENTATION_COMMENTS = YES;
				CLANG_WARN_EMPTY_BODY = YES;
				CLANG_WARN_ENUM_CONVERSION = YES;
				CLANG_WARN_INFINITE_RECURSION = YES;
				CLANG_WARN_INT_CONVERSION = YES;
				CLANG_WARN_NON_LITERAL_NULL_CONVERSION = YES;
				CLANG_WARN_OBJC_IMPLICIT_RETAIN_SELF = YES;
				CLANG_WARN_OBJC_LITERAL_CONVERSION = YES;
				CLANG_WARN_OBJC_ROOT_CLASS = YES_ERROR;
				CLANG_WARN_QUOTED_INCLUDE_IN_FRAMEWORK_HEADER = YES;
				CLANG_WARN_RANGE_LOOP_ANALYSIS = YES;
				CLANG_WARN_STRICT_PROTOTYPES = YES;
				CLANG_WARN_SUSPICIOUS_MOVE = YES;
				CLANG_WARN_UNGUARDED_AVAILABILITY = YES_AGGRESSIVE;
				CLANG_WARN_UNREACHABLE_CODE = YES;
				CLANG_WARN__DUPLICATE_METHOD_MATCH = YES;
				COPY_PHASE_STRIP = NO;
				DEBUG_INFORMATION_FORMAT = "dwarf-with-dsym";
				ENABLE_NS_ASSERTIONS = NO;
				ENABLE_STRICT_OBJC_MSGSEND = YES;
				ENABLE_USER_SCRIPT_SANDBOXING = YES;
				GCC_C_LANGUAGE_STANDARD = gnu17;
				GCC_NO_COMMON_BLOCKS = YES;
				GCC_WARN_64_TO_32_BIT_CONVERSION = YES;
				GCC_WARN_ABOUT_RETURN_TYPE = YES_ERROR;
				GCC_WARN_UNDECLARED_SELECTOR = YES;
				GCC_WARN_UNINITIALIZED_AUTOS = YES_AGGRESSIVE;
				GCC_WARN_UNUSED_FUNCTION = YES;
				GCC_WARN_UNUSED_VARIABLE = YES;
				IPHONEOS_DEPLOYMENT_TARGET = 17.0;
				LOCALIZATION_PREFERS_STRING_CATALOGS = YES;
				MTL_ENABLE_DEBUG_INFO = NO;
				MTL_FAST_MATH = YES;
				SDKROOT = iphoneos;
				SWIFT_COMPILATION_MODE = wholemodule;
				VALIDATE_PRODUCT = YES;
			};
			name = Release;
		};
		4F00D4C62C695410008DBC8D /* Debug */ = {
			isa = XCBuildConfiguration;
			buildSettings = {
				ASSETCATALOG_COMPILER_APPICON_NAME = AppIcon;
				ASSETCATALOG_COMPILER_GLOBAL_ACCENT_COLOR_NAME = AccentColor;
				CODE_SIGN_STYLE = Automatic;
				CURRENT_PROJECT_VERSION = 1;
				DEVELOPMENT_ASSET_PATHS = "\"Gehnne/Preview Content\"";
				DEVELOPMENT_TEAM = 2CZ3B92866;
				ENABLE_PREVIEWS = YES;
				GENERATE_INFOPLIST_FILE = YES;
				INFOPLIST_KEY_UIApplicationSceneManifest_Generation = YES;
				INFOPLIST_KEY_UIApplicationSupportsIndirectInputEvents = YES;
				INFOPLIST_KEY_UILaunchScreen_Generation = YES;
				INFOPLIST_KEY_UISupportedInterfaceOrientations_iPad = "UIInterfaceOrientationPortrait UIInterfaceOrientationPortraitUpsideDown UIInterfaceOrientationLandscapeLeft UIInterfaceOrientationLandscapeRight";
				INFOPLIST_KEY_UISupportedInterfaceOrientations_iPhone = "UIInterfaceOrientationPortrait UIInterfaceOrientationLandscapeLeft UIInterfaceOrientationLandscapeRight";
				IPHONEOS_DEPLOYMENT_TARGET = 17.0;
				LD_RUNPATH_SEARCH_PATHS = (
					"$(inherited)",
					"@executable_path/Frameworks",
				);
				MARKETING_VERSION = 1.0;
				PRODUCT_BUNDLE_IDENTIFIER = Singh.Shomil.Gehnne;
				PRODUCT_NAME = "$(TARGET_NAME)";
				SWIFT_EMIT_LOC_STRINGS = YES;
				SWIFT_VERSION = 5.0;
				TARGETED_DEVICE_FAMILY = "1,2";
			};
			name = Debug;
		};
		4F00D4C72C695410008DBC8D /* Release */ = {
			isa = XCBuildConfiguration;
			buildSettings = {
				ASSETCATALOG_COMPILER_APPICON_NAME = AppIcon;
				ASSETCATALOG_COMPILER_GLOBAL_ACCENT_COLOR_NAME = AccentColor;
				CODE_SIGN_STYLE = Automatic;
				CURRENT_PROJECT_VERSION = 1;
				DEVELOPMENT_ASSET_PATHS = "\"Gehnne/Preview Content\"";
				DEVELOPMENT_TEAM = 2CZ3B92866;
				ENABLE_PREVIEWS = YES;
				GENERATE_INFOPLIST_FILE = YES;
				INFOPLIST_KEY_UIApplicationSceneManifest_Generation = YES;
				INFOPLIST_KEY_UIApplicationSupportsIndirectInputEvents = YES;
				INFOPLIST_KEY_UILaunchScreen_Generation = YES;
				INFOPLIST_KEY_UISupportedInterfaceOrientations_iPad = "UIInterfaceOrientationPortrait UIInterfaceOrientationPortraitUpsideDown UIInterfaceOrientationLandscapeLeft UIInterfaceOrientationLandscapeRight";
				INFOPLIST_KEY_UISupportedInterfaceOrientations_iPhone = "UIInterfaceOrientationPortrait UIInterfaceOrientationLandscapeLeft UIInterfaceOrientationLandscapeRight";
				IPHONEOS_DEPLOYMENT_TARGET = 17.0;
				LD_RUNPATH_SEARCH_PATHS = (
					"$(inherited)",
					"@executable_path/Frameworks",
				);
				MARKETING_VERSION = 1.0;
				PRODUCT_BUNDLE_IDENTIFIER = Singh.Shomil.Gehnne;
				PRODUCT_NAME = "$(TARGET_NAME)";
				SWIFT_EMIT_LOC_STRINGS = YES;
				SWIFT_VERSION = 5.0;
				TARGETED_DEVICE_FAMILY = "1,2";
			};
			name = Release;
		};
/* End XCBuildConfiguration section */

/* Begin XCConfigurationList section */
		4F00D4B22C69540E008DBC8D /* Build configuration list for PBXProject "Gehnne" */ = {
			isa = XCConfigurationList;
			buildConfigurations = (
				4F00D4C32C695410008DBC8D /* Debug */,
				4F00D4C42C695410008DBC8D /* Release */,
			);
			defaultConfigurationIsVisible = 0;
			defaultConfigurationName = Release;
		};
		4F00D4C52C695410008DBC8D /* Build configuration list for PBXNativeTarget "Gehnne" */ = {
			isa = XCConfigurationList;
			buildConfigurations = (
				4F00D4C62C695410008DBC8D /* Debug */,
				4F00D4C72C695410008DBC8D /* Release */,
			);
			defaultConfigurationIsVisible = 0;
			defaultConfigurationName = Release;
		};
/* End XCConfigurationList section */
	};
	rootObject = 4F00D4AF2C69540E008DBC8D /* Project object */;
}
